{
  "name": "yoga-booking-tests",
  "version": "1.0.0",
  "lockfileVersion": 3,
  "requires": true,
  "packages": {
    "": {
      "name": "yoga-booking-tests",
      "dependencies": {
        "@electric-sql/pglite": "^0.2.17"
      },
      "engines": {
        "node": ">=20"
      }
    },
    "node_modules/@electric-sql/pglite": {
      "version": "0.2.17",
      "resolved": "https://registry.npmjs.org/@electric-sql/pglite/-/pglite-0.2.17.tgz",
      "integrity": "sha512-qEpKRT2oUaWDH6tjRxLHjdzMqRUGYDnGZlKrnL4dJ77JVMcP2Hpo3NYnOSPKdZdeec57B6QPprCUFg0picx5Pw==",
      "license": "Apache-2.0"
    }
  }
}
